// !$*UTF8*$!
{
	archiveVersion = 1;
	classes = {
	};
	objectVersion = 50;
	objects = {

/* Begin PBXBuildFile section */
		2D16D810239A310500181484 /* AppDelegate.m in Sources */ = {isa = PBXBuildFile; fileRef = 2D16D80F239A310500181484 /* AppDelegate.m */; };
		2D16D816239A310500181484 /* ViewController.m in Sources */ = {isa = PBXBuildFile; fileRef = 2D16D815239A310500181484 /* ViewController.m */; };
		2D16D819239A310500181484 /* Main.storyboard in Resources */ = {isa = PBXBuildFile; fileRef = 2D16D817239A310500181484 /* Main.storyboard */; };
		2D16D81B239A310700181484 /* Assets.xcassets in Resources */ = {isa = PBXBuildFile; fileRef = 2D16D81A239A310700181484 /* Assets.xcassets */; };
		2D16D81E239A310700181484 /* LaunchScreen.storyboard in Resources */ = {isa = PBXBuildFile; fileRef = 2D16D81C239A310700181484 /* LaunchScreen.storyboard */; };
		2D16D821239A310700181484 /* main.m in Sources */ = {isa = PBXBuildFile; fileRef = 2D16D820239A310700181484 /* main.m */; };
		2D16D82E239A316C00181484 /* LLTabBar.m in Sources */ = {isa = PBXBuildFile; fileRef = 2D16D82A239A316C00181484 /* LLTabBar.m */; };
		2D16D82F239A316C00181484 /* UITabBar+BeyondClick.m in Sources */ = {isa = PBXBuildFile; fileRef = 2D16D82C239A316C00181484 /* UITabBar+BeyondClick.m */; };
		2D16D83B239A3A2F00181484 /* SViewController.m in Sources */ = {isa = PBXBuildFile; fileRef = 2D16D83A239A3A2F00181484 /* SViewController.m */; };
		2D16D83C239A40B400181484 /* LLTabBarController.m in Sources */ = {isa = PBXBuildFile; fileRef = 2D16D827239A316C00181484 /* LLTabBarController.m */; };
		2D16D83D239B34D600181484 /* UITabBar+Apperance.m in Sources */ = {isa = PBXBuildFile; fileRef = 2D16D831239A33FB00181484 /* UITabBar+Apperance.m */; };
		2D16D840239CC15C00181484 /* TViewController.m in Sources */ = {isa = PBXBuildFile; fileRef = 2D16D83F239CC15C00181484 /* TViewController.m */; };
		2D16D844239CED5300181484 /* ThViewController.m in Sources */ = {isa = PBXBuildFile; fileRef = 2D16D843239CED5300181484 /* ThViewController.m */; };
		2D16D847239CED6000181484 /* FViewController.m in Sources */ = {isa = PBXBuildFile; fileRef = 2D16D846239CED6000181484 /* FViewController.m */; };
		2D1F996C23A383D50085061F /* LLTabBarItem.xib in Resources */ = {isa = PBXBuildFile; fileRef = 2D1F996B23A383D50085061F /* LLTabBarItem.xib */; };
		2D1F996F23A38AD90085061F /* LLTabBarItem.m in Sources */ = {isa = PBXBuildFile; fileRef = 2D1F996E23A38AD90085061F /* LLTabBarItem.m */; };
/* End PBXBuildFile section */

/* Begin PBXFileReference section */
		2D16D80B239A310500181484 /* LLTabbarController.app */ = {isa = PBXFileReference; explicitFileType = wrapper.application; includeInIndex = 0; path = LLTabbarController.app; sourceTree = BUILT_PRODUCTS_DIR; };
		2D16D80E239A310500181484 /* AppDelegate.h */ = {isa = PBXFileReference; lastKnownFileType = sourcecode.c.h; path = AppDelegate.h; sourceTree = "<group>"; };
		2D16D80F239A310500181484 /* AppDelegate.m */ = {isa = PBXFileReference; lastKnownFileType = sourcecode.c.objc; path = AppDelegate.m; sourceTree = "<group>"; };
		2D16D814239A310500181484 /* ViewController.h */ = {isa = PBXFileReference; lastKnownFileType = sourcecode.c.h; path = ViewController.h; sourceTree = "<group>"; };
		2D16D815239A310500181484 /* ViewController.m */ = {isa = PBXFileReference; lastKnownFileType = sourcecode.c.objc; path = ViewController.m; sourceTree = "<group>"; };
		2D16D818239A310500181484 /* Base */ = {isa = PBXFileReference; lastKnownFileType = file.storyboard; name = Base; path = Base.lproj/Main.storyboard; sourceTree = "<group>"; };
		2D16D81A239A310700181484 /* Assets.xcassets */ = {isa = PBXFileReference; lastKnownFileType = folder.assetcatalog; path = Assets.xcassets; sourceTree = "<group>"; };
		2D16D81D239A310700181484 /* Base */ = {isa = PBXFileReference; lastKnownFileType = file.storyboard; name = Base; path = Base.lproj/LaunchScreen.storyboard; sourceTree = "<group>"; };
		2D16D81F239A310700181484 /* Info.plist */ = {isa = PBXFileReference; lastKnownFileType = text.plist.xml; path = Info.plist; sourceTree = "<group>"; };
		2D16D820239A310700181484 /* main.m */ = {isa = PBXFileReference; lastKnownFileType = sourcecode.c.objc; path = main.m; sourceTree = "<group>"; };
		2D16D827239A316C00181484 /* LLTabBarController.m */ = {isa = PBXFileReference; fileEncoding = 4; lastKnownFileType = sourcecode.c.objc; path = LLTabBarController.m; sourceTree = "<group>"; };
		2D16D828239A316C00181484 /* UITabBar+BeyondClick.h */ = {isa = PBXFileReference; fileEncoding = 4; lastKnownFileType = sourcecode.c.h; path = "UITabBar+BeyondClick.h"; sourceTree = "<group>"; };
		2D16D829239A316C00181484 /* LLTabBar.h */ = {isa = PBXFileReference; fileEncoding = 4; lastKnownFileType = sourcecode.c.h; path = LLTabBar.h; sourceTree = "<group>"; };
		2D16D82A239A316C00181484 /* LLTabBar.m */ = {isa = PBXFileReference; fileEncoding = 4; lastKnownFileType = sourcecode.c.objc; path = LLTabBar.m; sourceTree = "<group>"; };
		2D16D82B239A316C00181484 /* LLTabBarController.h */ = {isa = PBXFileReference; fileEncoding = 4; lastKnownFileType = sourcecode.c.h; path = LLTabBarController.h; sourceTree = "<group>"; };
		2D16D82C239A316C00181484 /* UITabBar+BeyondClick.m */ = {isa = PBXFileReference; fileEncoding = 4; lastKnownFileType = sourcecode.c.objc; path = "UITabBar+BeyondClick.m"; sourceTree = "<group>"; };
		2D16D830239A33FB00181484 /* UITabBar+Apperance.h */ = {isa = PBXFileReference; lastKnownFileType = sourcecode.c.h; path = "UITabBar+Apperance.h"; sourceTree = "<group>"; };
		2D16D831239A33FB00181484 /* UITabBar+Apperance.m */ = {isa = PBXFileReference; lastKnownFileType = sourcecode.c.objc; path = "UITabBar+Apperance.m"; sourceTree = "<group>"; };
		2D16D839239A3A2F00181484 /* SViewController.h */ = {isa = PBXFileReference; lastKnownFileType = sourcecode.c.h; path = SViewController.h; sourceTree = "<group>"; };
		2D16D83A239A3A2F00181484 /* SViewController.m */ = {isa = PBXFileReference; lastKnownFileType = sourcecode.c.objc; path = SViewController.m; sourceTree = "<group>"; };
		2D16D83E239CC15C00181484 /* TViewController.h */ = {isa = PBXFileReference; lastKnownFileType = sourcecode.c.h; path = TViewController.h; sourceTree = "<group>"; };
		2D16D83F239CC15C00181484 /* TViewController.m */ = {isa = PBXFileReference; lastKnownFileType = sourcecode.c.objc; path = TViewController.m; sourceTree = "<group>"; };
		2D16D842239CED5300181484 /* ThViewController.h */ = {isa = PBXFileReference; lastKnownFileType = sourcecode.c.h; path = ThViewController.h; sourceTree = "<group>"; };
		2D16D843239CED5300181484 /* ThViewController.m */ = {isa = PBXFileReference; lastKnownFileType = sourcecode.c.objc; path = ThViewController.m; sourceTree = "<group>"; };
		2D16D845239CED6000181484 /* FViewController.h */ = {isa = PBXFileReference; lastKnownFileType = sourcecode.c.h; path = FViewController.h; sourceTree = "<group>"; };
		2D16D846239CED6000181484 /* FViewController.m */ = {isa = PBXFileReference; lastKnownFileType = sourcecode.c.objc; path = FViewController.m; sourceTree = "<group>"; };
		2D1F996B23A383D50085061F /* LLTabBarItem.xib */ = {isa = PBXFileReference; lastKnownFileType = file.xib; path = LLTabBarItem.xib; sourceTree = "<group>"; };
		2D1F996D23A38AD90085061F /* LLTabBarItem.h */ = {isa = PBXFileReference; lastKnownFileType = sourcecode.c.h; path = LLTabBarItem.h; sourceTree = "<group>"; };
		2D1F996E23A38AD90085061F /* LLTabBarItem.m */ = {isa = PBXFileReference; lastKnownFileType = sourcecode.c.objc; path = LLTabBarItem.m; sourceTree = "<group>"; };
		2D86375B239E8C1D002D4FA3 /* LLTabBarController-Protocol.h */ = {isa = PBXFileReference; lastKnownFileType = sourcecode.c.h; path = "LLTabBarController-Protocol.h"; sourceTree = "<group>"; };
/* End PBXFileReference section */

/* Begin PBXFrameworksBuildPhase section */
		2D16D808239A310500181484 /* Frameworks */ = {
			isa = PBXFrameworksBuildPhase;
			buildActionMask = 2147483647;
			files = (
			);
			runOnlyForDeploymentPostprocessing = 0;
		};
/* End PBXFrameworksBuildPhase section */

/* Begin PBXGroup section */
		2D16D802239A310500181484 = {
			isa = PBXGroup;
			children = (
				2D16D80D239A310500181484 /* LLTabbarController */,
				2D16D80C239A310500181484 /* Products */,
			);
			sourceTree = "<group>";
		};
		2D16D80C239A310500181484 /* Products */ = {
			isa = PBXGroup;
			children = (
				2D16D80B239A310500181484 /* LLTabbarController.app */,
			);
			name = Products;
			sourceTree = "<group>";
		};
		2D16D80D239A310500181484 /* LLTabbarController */ = {
			isa = PBXGroup;
			children = (
				2D16D841239CC7C600181484 /* customlize */,
				2D16D80E239A310500181484 /* AppDelegate.h */,
				2D16D80F239A310500181484 /* AppDelegate.m */,
				2D16D814239A310500181484 /* ViewController.h */,
				2D16D815239A310500181484 /* ViewController.m */,
				2D16D839239A3A2F00181484 /* SViewController.h */,
				2D16D83A239A3A2F00181484 /* SViewController.m */,
				2D16D83E239CC15C00181484 /* TViewController.h */,
				2D16D83F239CC15C00181484 /* TViewController.m */,
				2D16D842239CED5300181484 /* ThViewController.h */,
				2D16D843239CED5300181484 /* ThViewController.m */,
				2D16D845239CED6000181484 /* FViewController.h */,
				2D16D846239CED6000181484 /* FViewController.m */,
				2D16D817239A310500181484 /* Main.storyboard */,
				2D16D81A239A310700181484 /* Assets.xcassets */,
				2D16D81C239A310700181484 /* LaunchScreen.storyboard */,
				2D16D81F239A310700181484 /* Info.plist */,
				2D16D820239A310700181484 /* main.m */,
			);
			path = LLTabbarController;
			sourceTree = "<group>";
		};
		2D16D841239CC7C600181484 /* customlize */ = {
			isa = PBXGroup;
			children = (
				2D86375B239E8C1D002D4FA3 /* LLTabBarController-Protocol.h */,
				2D16D829239A316C00181484 /* LLTabBar.h */,
				2D16D82A239A316C00181484 /* LLTabBar.m */,
				2D1F996D23A38AD90085061F /* LLTabBarItem.h */,
				2D1F996E23A38AD90085061F /* LLTabBarItem.m */,
				2D1F996B23A383D50085061F /* LLTabBarItem.xib */,
				2D16D828239A316C00181484 /* UITabBar+BeyondClick.h */,
				2D16D82C239A316C00181484 /* UITabBar+BeyondClick.m */,
				2D16D830239A33FB00181484 /* UITabBar+Apperance.h */,
				2D16D831239A33FB00181484 /* UITabBar+Apperance.m */,
				2D16D82B239A316C00181484 /* LLTabBarController.h */,
				2D16D827239A316C00181484 /* LLTabBarController.m */,
			);
			path = customlize;
			sourceTree = "<group>";
		};
/* End PBXGroup section */

/* Begin PBXNativeTarget section */
		2D16D80A239A310500181484 /* LLTabbarController */ = {
			isa = PBXNativeTarget;
			buildConfigurationList = 2D16D824239A310700181484 /* Build configuration list for PBXNativeTarget "LLTabbarController" */;
			buildPhases = (
				2D16D807239A310500181484 /* Sources */,
				2D16D808239A310500181484 /* Frameworks */,
				2D16D809239A310500181484 /* Resources */,
			);
			buildRules = (
			);
			dependencies = (
			);
			name = LLTabbarController;
			productName = LLTabbarController;
			productReference = 2D16D80B239A310500181484 /* LLTabbarController.app */;
			productType = "com.apple.product-type.application";
		};
/* End PBXNativeTarget section */

/* Begin PBXProject section */
		2D16D803239A310500181484 /* Project object */ = {
			isa = PBXProject;
			attributes = {
				LastUpgradeCheck = 1120;
				ORGANIZATIONNAME = Liujiang;
				TargetAttributes = {
					2D16D80A239A310500181484 = {
						CreatedOnToolsVersion = 11.2;
					};
				};
			};
			buildConfigurationList = 2D16D806239A310500181484 /* Build configuration list for PBXProject "LLTabbarController" */;
			compatibilityVersion = "Xcode 9.3";
			developmentRegion = en;
			hasScannedForEncodings = 0;
			knownRegions = (
				en,
				Base,
			);
			mainGroup = 2D16D802239A310500181484;
			productRefGroup = 2D16D80C239A310500181484 /* Products */;
			projectDirPath = "";
			projectRoot = "";
			targets = (
				2D16D80A239A310500181484 /* LLTabbarController */,
			);
		};
/* End PBXProject section */

/* Begin PBXResourcesBuildPhase section */
		2D16D809239A310500181484 /* Resources */ = {
			isa = PBXResourcesBuildPhase;
			buildActionMask = 2147483647;
			files = (
				2D1F996C23A383D50085061F /* LLTabBarItem.xib in Resources */,
				2D16D81E239A310700181484 /* LaunchScreen.storyboard in Resources */,
				2D16D81B239A310700181484 /* Assets.xcassets in Resources */,
				2D16D819239A310500181484 /* Main.storyboard in Resources */,
			);
			runOnlyForDeploymentPostprocessing = 0;
		};
/* End PBXResourcesBuildPhase section */

/* Begin PBXSourcesBuildPhase section */
		2D16D807239A310500181484 /* Sources */ = {
			isa = PBXSourcesBuildPhase;
			buildActionMask = 2147483647;
			files = (
				2D16D844239CED5300181484 /* ThViewController.m in Sources */,
				2D16D82E239A316C00181484 /* LLTabBar.m in Sources */,
				2D16D83B239A3A2F00181484 /* SViewController.m in Sources */,
				2D16D816239A310500181484 /* ViewController.m in Sources */,
				2D1F996F23A38AD90085061F /* LLTabBarItem.m in Sources */,
				2D16D810239A310500181484 /* AppDelegate.m in Sources */,
				2D16D83D239B34D600181484 /* UITabBar+Apperance.m in Sources */,
				2D16D847239CED6000181484 /* FViewController.m in Sources */,
				2D16D82F239A316C00181484 /* UITabBar+BeyondClick.m in Sources */,
				2D16D821239A310700181484 /* main.m in Sources */,
				2D16D840239CC15C00181484 /* TViewController.m in Sources */,
				2D16D83C239A40B400181484 /* LLTabBarController.m in Sources */,
			);
			runOnlyForDeploymentPostprocessing = 0;
		};
/* End PBXSourcesBuildPhase section */

/* Begin PBXVariantGroup section */
		2D16D817239A310500181484 /* Main.storyboard */ = {
			isa = PBXVariantGroup;
			children = (
				2D16D818239A310500181484 /* Base */,
			);
			name = Main.storyboard;
			sourceTree = "<group>";
		};
		2D16D81C239A310700181484 /* LaunchScreen.storyboard */ = {
			isa = PBXVariantGroup;
			children = (
				2D16D81D239A310700181484 /* Base */,
			);
			name = LaunchScreen.storyboard;
			sourceTree = "<group>";
		};
/* End PBXVariantGroup section */

/* Begin XCBuildConfiguration section */
		2D16D822239A310700181484 /* Debug */ = {
			isa = XCBuildConfiguration;
			buildSettings = {
				ALWAYS_SEARCH_USER_PATHS = NO;
				CLANG_ANALYZER_NONNULL = YES;
				CLANG_ANALYZER_NUMBER_OBJECT_CONVERSION = YES_AGGRESSIVE;
				CLANG_CXX_LANGUAGE_STANDARD = "gnu++14";
				CLANG_CXX_LIBRARY = "libc++";
				CLANG_ENABLE_MODULES = YES;
				CLANG_ENABLE_OBJC_ARC = YES;
				CLANG_ENABLE_OBJC_WEAK = YES;
				CLANG_WARN_BLOCK_CAPTURE_AUTORELEASING = YES;
				CLANG_WARN_BOOL_CONVERSION = YES;
				CLANG_WARN_COMMA = YES;
				CLANG_WARN_CONSTANT_CONVERSION = YES;
				CLANG_WARN_DEPRECATED_OBJC_IMPLEMENTATIONS = YES;
				CLANG_WARN_DIRECT_OBJC_ISA_USAGE = YES_ERROR;
				CLANG_WARN_DOCUMENTATION_COMMENTS = YES;
				CLANG_WARN_EMPTY_BODY = YES;
				CLANG_WARN_ENUM_CONVERSION = YES;
				CLANG_WARN_INFINITE_RECURSION = YES;
				CLANG_WARN_INT_CONVERSION = YES;
				CLANG_WARN_NON_LITERAL_NULL_CONVERSION = YES;
				CLANG_WARN_OBJC_IMPLICIT_RETAIN_SELF = YES;
				CLANG_WARN_OBJC_LITERAL_CONVERSION = YES;
				CLANG_WARN_OBJC_ROOT_CLASS = YES_ERROR;
				CLANG_WARN_RANGE_LOOP_ANALYSIS = YES;
				CLANG_WARN_STRICT_PROTOTYPES = YES;
				CLANG_WARN_SUSPICIOUS_MOVE = YES;
				CLANG_WARN_UNGUARDED_AVAILABILITY = YES_AGGRESSIVE;
				CLANG_WARN_UNREACHABLE_CODE = YES;
				CLANG_WARN__DUPLICATE_METHOD_MATCH = YES;
				COPY_PHASE_STRIP = NO;
				DEBUG_INFORMATION_FORMAT = dwarf;
				ENABLE_STRICT_OBJC_MSGSEND = YES;
				ENABLE_TESTABILITY = YES;
				GCC_C_LANGUAGE_STANDARD = gnu11;
				GCC_DYNAMIC_NO_PIC = NO;
				GCC_NO_COMMON_BLOCKS = YES;
				GCC_OPTIMIZATION_LEVEL = 0;
				GCC_PREPROCESSOR_DEFINITIONS = (
					"DEBUG=1",
					"$(inherited)",
				);
				GCC_WARN_64_TO_32_BIT_CONVERSION = YES;
				GCC_WARN_ABOUT_RETURN_TYPE = YES_ERROR;
				GCC_WARN_UNDECLARED_SELECTOR = YES;
				GCC_WARN_UNINITIALIZED_AUTOS = YES_AGGRESSIVE;
				GCC_WARN_UNUSED_FUNCTION = YES;
				GCC_WARN_UNUSED_VARIABLE = YES;
				IPHONEOS_DEPLOYMENT_TARGET = 13.2;
				MTL_ENABLE_DEBUG_INFO = INCLUDE_SOURCE;
				MTL_FAST_MATH = YES;
				ONLY_ACTIVE_ARCH = YES;
				SDKROOT = iphoneos;
			};
			name = Debug;
		};
		2D16D823239A310700181484 /* Release */ = {
			isa = XCBuildConfiguration;
			buildSettings = {
				ALWAYS_SEARCH_USER_PATHS = NO;
				CLANG_ANALYZER_NONNULL = YES;
				CLANG_ANALYZER_NUMBER_OBJECT_CONVERSION = YES_AGGRESSIVE;
				CLANG_CXX_LANGUAGE_STANDARD = "gnu++14";
				CLANG_CXX_LIBRARY = "libc++";
				CLANG_ENABLE_MODULES = YES;
				CLANG_ENABLE_OBJC_ARC = YES;
				CLANG_ENABLE_OBJC_WEAK = YES;
				CLANG_WARN_BLOCK_CAPTURE_AUTORELEASING = YES;
				CLANG_WARN_BOOL_CONVERSION = YES;
				CLANG_WARN_COMMA = YES;
				CLANG_WARN_CONSTANT_CONVERSION = YES;
				CLANG_WARN_DEPRECATED_OBJC_IMPLEMENTATIONS = YES;
				CLANG_WARN_DIRECT_OBJC_ISA_USAGE = YES_ERROR;
				CLANG_WARN_DOCUMENTATION_COMMENTS = YES;
				CLANG_WARN_EMPTY_BODY = YES;
				CLANG_WARN_ENUM_CONVERSION = YES;
				CLANG_WARN_INFINITE_RECURSION = YES;
				CLANG_WARN_INT_CONVERSION = YES;
				CLANG_WARN_NON_LITERAL_NULL_CONVERSION = YES;
				CLANG_WARN_OBJC_IMPLICIT_RETAIN_SELF = YES;
				CLANG_WARN_OBJC_LITERAL_CONVERSION = YES;
				CLANG_WARN_OBJC_ROOT_CLASS = YES_ERROR;
				CLANG_WARN_RANGE_LOOP_ANALYSIS = YES;
				CLANG_WARN_STRICT_PROTOTYPES = YES;
				CLANG_WARN_SUSPICIOUS_MOVE = YES;
				CLANG_WARN_UNGUARDED_AVAILABILITY = YES_AGGRESSIVE;
				CLANG_WARN_UNREACHABLE_CODE = YES;
				CLANG_WARN__DUPLICATE_METHOD_MATCH = YES;
				COPY_PHASE_STRIP = NO;
				DEBUG_INFORMATION_FORMAT = "dwarf-with-dsym";
				ENABLE_NS_ASSERTIONS = NO;
				ENABLE_STRICT_OBJC_MSGSEND = YES;
				GCC_C_LANGUAGE_STANDARD = gnu11;
				GCC_NO_COMMON_BLOCKS = YES;
				GCC_WARN_64_TO_32_BIT_CONVERSION = YES;
				GCC_WARN_ABOUT_RETURN_TYPE = YES_ERROR;
				GCC_WARN_UNDECLARED_SELECTOR = YES;
				GCC_WARN_UNINITIALIZED_AUTOS = YES_AGGRESSIVE;
				GCC_WARN_UNUSED_FUNCTION = YES;
				GCC_WARN_UNUSED_VARIABLE = YES;
				IPHONEOS_DEPLOYMENT_TARGET = 13.2;
				MTL_ENABLE_DEBUG_INFO = NO;
				MTL_FAST_MATH = YES;
				SDKROOT = iphoneos;
				VALIDATE_PRODUCT = YES;
			};
			name = Release;
		};
		2D16D825239A310700181484 /* Debug */ = {
			isa = XCBuildConfiguration;
			buildSettings = {
				ASSETCATALOG_COMPILER_APPICON_NAME = AppIcon;
				CODE_SIGN_STYLE = Automatic;
				DEVELOPMENT_TEAM = RJ9SHE83UJ;
				INFOPLIST_FILE = LLTabbarController/Info.plist;
				IPHONEOS_DEPLOYMENT_TARGET = 9.0;
				LD_RUNPATH_SEARCH_PATHS = (
					"$(inherited)",
					"@executable_path/Frameworks",
				);
				PRODUCT_BUNDLE_IDENTIFIER = com.g4mall.LLTabbarController;
				PRODUCT_NAME = "$(TARGET_NAME)";
				TARGETED_DEVICE_FAMILY = "1,2";
			};
			name = Debug;
		};
		2D16D826239A310700181484 /* Release */ = {
			isa = XCBuildConfiguration;
			buildSettings = {
				ASSETCATALOG_COMPILER_APPICON_NAME = AppIcon;
				CODE_SIGN_STYLE = Automatic;
				DEVELOPMENT_TEAM = RJ9SHE83UJ;
				INFOPLIST_FILE = LLTabbarController/Info.plist;
				IPHONEOS_DEPLOYMENT_TARGET = 9.0;
				LD_RUNPATH_SEARCH_PATHS = (
					"$(inherited)",
					"@executable_path/Frameworks",
				);
				PRODUCT_BUNDLE_IDENTIFIER = com.g4mall.LLTabbarController;
				PRODUCT_NAME = "$(TARGET_NAME)";
				TARGETED_DEVICE_FAMILY = "1,2";
			};
			name = Release;
		};
/* End XCBuildConfiguration section */

/* Begin XCConfigurationList section */
		2D16D806239A310500181484 /* Build configuration list for PBXProject "LLTabbarController" */ = {
			isa = XCConfigurationList;
			buildConfigurations = (
				2D16D822239A310700181484 /* Debug */,
				2D16D823239A310700181484 /* Release */,
			);
			defaultConfigurationIsVisible = 0;
			defaultConfigurationName = Release;
		};
		2D16D824239A310700181484 /* Build configuration list for PBXNativeTarget "LLTabbarController" */ = {
			isa = XCConfigurationList;
			buildConfigurations = (
				2D16D825239A310700181484 /* Debug */,
				2D16D826239A310700181484 /* Release */,
			);
			defaultConfigurationIsVisible = 0;
			defaultConfigurationName = Release;
		};
/* End XCConfigurationList section */
	};
	rootObject = 2D16D803239A310500181484 /* Project object */;
}
